
Microsoft Visual Studio Solution File, Format Version 12.00
# Visual Studio Version 16
VisualStudioVersion = 16.0.31410.357
MinimumVisualStudioVersion = 10.0.40219.1
Project("{9A19103F-16F7-4668-BE54-9A1E7A4F7556}") = "Maestro.api", "Maestro.api\Maestro.api.csproj", "{6C0D9C8B-7A16-4331-B511-A2C05CEF5EBD}"
EndProject
Global
	GlobalSection(SolutionConfigurationPlatforms) = preSolution
		Debug|Any CPU = Debug|Any CPU
		Release|Any CPU = Release|Any CPU
	EndGlobalSection
	GlobalSection(ProjectConfigurationPlatforms) = postSolution
		{6C0D9C8B-7A16-4331-B511-A2C05CEF5EBD}.Debug|Any CPU.ActiveCfg = Debug|Any CPU
		{6C0D9C8B-7A16-4331-B511-A2C05CEF5EBD}.Debug|Any CPU.Build.0 = Debug|Any CPU
		{6C0D9C8B-7A16-4331-B511-A2C05CEF5EBD}.Release|Any CPU.ActiveCfg = Release|Any CPU
		{6C0D9C8B-7A16-4331-B511-A2C05CEF5EBD}.Release|Any CPU.Build.0 = Release|Any CPU
	EndGlobalSection
	GlobalSection(SolutionProperties) = preSolution
		HideSolutionNode = FALSE
	EndGlobalSection
	GlobalSection(ExtensibilityGlobals) = postSolution
		SolutionGuid = {19C313F6-EEC7-47C5-98B5-A8CDA36E6EB4}
	EndGlobalSection
EndGlobal
